
Microsoft Visual Studio Solution File, Format Version 12.00
# Visual Studio Version 16
VisualStudioVersion = 16.0.32228.343
MinimumVisualStudioVersion = 10.0.40219.1
Project("{FAE04EC0-301F-11D3-BF4B-00C04F79EFBC}") = "DiskInventory", "DiskInventory\DiskInventory.csproj", "{862AD8BC-150C-4CAC-A76C-DF043EB5D3D4}"
EndProject
Global
	GlobalSection(SolutionConfigurationPlatforms) = preSolution
		Debug|Any CPU = Debug|Any CPU
		Release|Any CPU = Release|Any CPU
	EndGlobalSection
	GlobalSection(ProjectConfigurationPlatforms) = postSolution
		{862AD8BC-150C-4CAC-A76C-DF043EB5D3D4}.Debug|Any CPU.ActiveCfg = Debug|Any CPU
		{862AD8BC-150C-4CAC-A76C-DF043EB5D3D4}.Debug|Any CPU.Build.0 = Debug|Any CPU
		{862AD8BC-150C-4CAC-A76C-DF043EB5D3D4}.Release|Any CPU.ActiveCfg = Release|Any CPU
		{862AD8BC-150C-4CAC-A76C-DF043EB5D3D4}.Release|Any CPU.Build.0 = Release|Any CPU
	EndGlobalSection
	GlobalSection(SolutionProperties) = preSolution
		HideSolutionNode = FALSE
	EndGlobalSection
	GlobalSection(ExtensibilityGlobals) = postSolution
		SolutionGuid = {4F4EA102-4A08-43E7-8C97-11894D7A3CBD}
	EndGlobalSection
EndGlobal
